<?xml version="1.0" encoding="utf-8"?>
<Project ToolsVersion="4.0" xmlns="http://schemas.microsoft.com/developer/msbuild/2003">
  <ItemGroup>
    <Filter Include="Source Files">
      <UniqueIdentifier>{4FC737F1-C7A5-4376-A066-2A32D752A2FF}</UniqueIdentifier>
      <Extensions>cpp;c;cc;cxx;def;odl;idl;hpj;bat;asm;asmx</Extensions>
    </Filter>
    <Filter Include="Header Files">
      <UniqueIdentifier>{93995380-89BD-4b04-88EB-625FBE52EBFB}</UniqueIdentifier>
      <Extensions>h;hh;hpp;hxx;hm;inl;inc;xsd</Extensions>
    </Filter>
    <Filter Include="Resource Files">
      <UniqueIdentifier>{67DA6AB6-F800-4c08-8B7A-83BB121AAD01}</UniqueIdentifier>
      <Extensions>rc;ico;cur;bmp;dlg;rc2;rct;bin;rgs;gif;jpg;jpeg;jpe;resx;tiff;tif;png;wav;mfcribbon-ms</Extensions>
    </Filter>
  </ItemGroup>
  <ItemGroup>
    <Text Include="ReadMe.txt" />
  </ItemGroup>
  <ItemGroup>
    <ClInclude Include="stdafx.h">
      <Filter>Header Files</Filter>
    </ClInclude>
    <ClInclude Include="targetver.h">
      <Filter>Header Files</Filter>
    </ClInclude>
    <ClInclude Include="Classes\Actuator.h">
      <Filter>Header Files</Filter>
    </ClInclude>
    <ClInclude Include="Classes\BitMatrix.h">
      <Filter>Header Files</Filter>
    </ClInclude>
    <ClInclude Include="Classes\Camera.h">
      <Filter>Header Files</Filter>
    </ClInclude>
    <ClInclude Include="Classes\Communication.h">
      <Filter>Header Files</Filter>
    </ClInclude>
    <ClInclude Include="Classes\Compass.h">
      <Filter>Header Files</Filter>
    </ClInclude>
    <ClInclude Include="Classes\Display.h">
      <Filter>Header Files</Filter>
    </ClInclude>
    <ClInclude Include="Classes\ExternalCommunication.h">
      <Filter>Header Files</Filter>
    </ClInclude>
    <ClInclude Include="Classes\Field.h">
      <Filter>Header Files</Filter>
    </ClInclude>
    <ClInclude Include="Classes\FieldDraw.h">
      <Filter>Header Files</Filter>
    </ClInclude>
    <ClInclude Include="Classes\FieldMatrix.h">
      <Filter>Header Files</Filter>
    </ClInclude>
    <ClInclude Include="Classes\Game.h">
      <Filter>Header Files</Filter>
    </ClInclude>
    <ClInclude Include="Classes\InternalCommunication.h">
      <Filter>Header Files</Filter>
    </ClInclude>
    <ClInclude Include="Classes\LightSensor.h">
      <Filter>Header Files</Filter>
    </ClInclude>
    <ClInclude Include="Classes\Motor.h">
      <Filter>Header Files</Filter>
    </ClInclude>
    <ClInclude Include="Classes\MotorsEnum.h">
      <Filter>Header Files</Filter>
    </ClInclude>
    <ClInclude Include="Classes\Robot.h">
      <Filter>Header Files</Filter>
    </ClInclude>
    <ClInclude Include="Classes\Sensor.h">
      <Filter>Header Files</Filter>
    </ClInclude>
    <ClInclude Include="Classes\Servo.h">
      <Filter>Header Files</Filter>
    </ClInclude>
    <ClInclude Include="Classes\Solenoid.h">
      <Filter>Header Files</Filter>
    </ClInclude>
    <ClInclude Include="Classes\Strategy.h">
      <Filter>Header Files</Filter>
    </ClInclude>
    <ClInclude Include="Classes\TimeThread.h">
      <Filter>Header Files</Filter>
    </ClInclude>
    <ClInclude Include="Classes\Ultrasonic.h">
      <Filter>Header Files</Filter>
    </ClInclude>
    <ClInclude Include="remoteApi\extApi.h">
      <Filter>Header Files</Filter>
    </ClInclude>
    <ClInclude Include="remoteApi\extApiInternal.h">
      <Filter>Header Files</Filter>
    </ClInclude>
    <ClInclude Include="remoteApi\extApiPlatform.h">
      <Filter>Header Files</Filter>
    </ClInclude>
    <ClInclude Include="Classes\NeuralNetwork.h">
      <Filter>Header Files</Filter>
    </ClInclude>
    <ClInclude Include="Classes\Listnode.h">
      <Filter>Header Files</Filter>
    </ClInclude>
  </ItemGroup>
  <ItemGroup>
    <ClCompile Include="stdafx.cpp">
      <Filter>Source Files</Filter>
    </ClCompile>
    <ClCompile Include="Soccer_Simulation_v2.cpp">
      <Filter>Source Files</Filter>
    </ClCompile>
    <ClCompile Include="Classes\Actuator.cpp">
      <Filter>Source Files</Filter>
    </ClCompile>
    <ClCompile Include="Classes\BitMatrix.cpp">
      <Filter>Source Files</Filter>
    </ClCompile>
    <ClCompile Include="Classes\Camera.cpp">
      <Filter>Source Files</Filter>
    </ClCompile>
    <ClCompile Include="Classes\Communication.cpp">
      <Filter>Source Files</Filter>
    </ClCompile>
    <ClCompile Include="Classes\Compass.cpp">
      <Filter>Source Files</Filter>
    </ClCompile>
    <ClCompile Include="Classes\Display.cpp">
      <Filter>Source Files</Filter>
    </ClCompile>
    <ClCompile Include="Classes\ExternalCommunication.cpp">
      <Filter>Source Files</Filter>
    </ClCompile>
    <ClCompile Include="Classes\Field.cpp">
      <Filter>Source Files</Filter>
    </ClCompile>
    <ClCompile Include="Classes\FieldDraw.cpp">
      <Filter>Source Files</Filter>
    </ClCompile>
    <ClCompile Include="Classes\FieldMatrix.cpp">
      <Filter>Source Files</Filter>
    </ClCompile>
    <ClCompile Include="Classes\Game.cpp">
      <Filter>Source Files</Filter>
    </ClCompile>
    <ClCompile Include="Classes\InternalCommunication.cpp">
      <Filter>Source Files</Filter>
    </ClCompile>
    <ClCompile Include="Classes\LightSensor.cpp">
      <Filter>Source Files</Filter>
    </ClCompile>
    <ClCompile Include="Classes\Motor.cpp">
      <Filter>Source Files</Filter>
    </ClCompile>
    <ClCompile Include="Classes\Robot.cpp">
      <Filter>Source Files</Filter>
    </ClCompile>
    <ClCompile Include="Classes\Sensor.cpp">
      <Filter>Source Files</Filter>
    </ClCompile>
    <ClCompile Include="Classes\Servo.cpp">
      <Filter>Source Files</Filter>
    </ClCompile>
    <ClCompile Include="Classes\Solenoid.cpp">
      <Filter>Source Files</Filter>
    </ClCompile>
    <ClCompile Include="Classes\Strategy.cpp">
      <Filter>Source Files</Filter>
    </ClCompile>
    <ClCompile Include="Classes\TimeThread.cpp">
      <Filter>Source Files</Filter>
    </ClCompile>
    <ClCompile Include="Classes\Ultrasonic.cpp">
      <Filter>Source Files</Filter>
    </ClCompile>
    <ClCompile Include="remoteApi\extApi.c">
      <Filter>Source Files</Filter>
    </ClCompile>
    <ClCompile Include="remoteApi\extApiPlatform.c">
      <Filter>Source Files</Filter>
    </ClCompile>
    <ClCompile Include="Classes\NeuralNetwork.cpp">
      <Filter>Source Files</Filter>
    </ClCompile>
  </ItemGroup>
</Project>